
Microsoft Visual Studio Solution File, Format Version 12.00
# Visual Studio Version 17
VisualStudioVersion = 17.11.35327.3
MinimumVisualStudioVersion = 10.0.40219.1
Project("{9A19103F-16F7-4668-BE54-9A1E7A4F7556}") = "HardwareInfo.Smart", "HardwareInfo.Smart\HardwareInfo.Smart.csproj", "{EB9401A1-71F2-44A7-B2B4-E9ED52249076}"
EndProject
Project("{FAE04EC0-301F-11D3-BF4B-00C04F79EFBC}") = "Example", "Example\Example.csproj", "{3056C026-EEF5-47DB-ADB0-C0768C98E50E}"
EndProject
Project("{2150E333-8FDC-42A3-9474-1A3956D46DE8}") = "Solution Items", "Solution Items", "{48329FBE-9820-465D-9754-03FBF3557CB2}"
	ProjectSection(SolutionItems) = preProject
		.editorconfig = .editorconfig
		.gitattributes = .gitattributes
		.gitignore = .gitignore
		Analyzers.ruleset = Analyzers.ruleset
		Directory.Build.props = Directory.Build.props
		Directory.Build.targets = Directory.Build.targets
		HardwareInfo.Smart.sln.DotSettings = HardwareInfo.Smart.sln.DotSettings
		LICENSE = LICENSE
		README.md = README.md
	EndProjectSection
EndProject
Global
	GlobalSection(SolutionConfigurationPlatforms) = preSolution
		Debug|Any CPU = Debug|Any CPU
		Release|Any CPU = Release|Any CPU
	EndGlobalSection
	GlobalSection(ProjectConfigurationPlatforms) = postSolution
		{EB9401A1-71F2-44A7-B2B4-E9ED52249076}.Debug|Any CPU.ActiveCfg = Debug|Any CPU
		{EB9401A1-71F2-44A7-B2B4-E9ED52249076}.Debug|Any CPU.Build.0 = Debug|Any CPU
		{EB9401A1-71F2-44A7-B2B4-E9ED52249076}.Release|Any CPU.ActiveCfg = Release|Any CPU
		{EB9401A1-71F2-44A7-B2B4-E9ED52249076}.Release|Any CPU.Build.0 = Release|Any CPU
		{3056C026-EEF5-47DB-ADB0-C0768C98E50E}.Debug|Any CPU.ActiveCfg = Debug|Any CPU
		{3056C026-EEF5-47DB-ADB0-C0768C98E50E}.Debug|Any CPU.Build.0 = Debug|Any CPU
		{3056C026-EEF5-47DB-ADB0-C0768C98E50E}.Release|Any CPU.ActiveCfg = Release|Any CPU
		{3056C026-EEF5-47DB-ADB0-C0768C98E50E}.Release|Any CPU.Build.0 = Release|Any CPU
	EndGlobalSection
	GlobalSection(SolutionProperties) = preSolution
		HideSolutionNode = FALSE
	EndGlobalSection
	GlobalSection(ExtensibilityGlobals) = postSolution
		SolutionGuid = {50D92F32-5687-4D45-B015-E1B867101357}
	EndGlobalSection
EndGlobal
